
Microsoft Visual Studio Solution File, Format Version 11.00
# Visual Studio 2010
Project("{FAE04EC0-301F-11D3-BF4B-00C04F79EFBC}") = "PModificaCategoria", "PModificaCategoria\PModificaCategoria.csproj", "{FB647D66-B7B7-4FD2-B9D9-CA0EBEB216C0}"
EndProject
Global
	GlobalSection(SolutionConfigurationPlatforms) = preSolution
		Debug|x86 = Debug|x86
		Release|x86 = Release|x86
	EndGlobalSection
	GlobalSection(ProjectConfigurationPlatforms) = postSolution
		{FB647D66-B7B7-4FD2-B9D9-CA0EBEB216C0}.Debug|x86.ActiveCfg = Debug|x86
		{FB647D66-B7B7-4FD2-B9D9-CA0EBEB216C0}.Debug|x86.Build.0 = Debug|x86
		{FB647D66-B7B7-4FD2-B9D9-CA0EBEB216C0}.Release|x86.ActiveCfg = Release|x86
		{FB647D66-B7B7-4FD2-B9D9-CA0EBEB216C0}.Release|x86.Build.0 = Release|x86
	EndGlobalSection
	GlobalSection(MonoDevelopProperties) = preSolution
		StartupItem = PModificaCategoria\PModificaCategoria.csproj
	EndGlobalSection
EndGlobal
