
Microsoft Visual Studio Solution File, Format Version 11.00
# Visual Studio 2010
Project("{FAE04EC0-301F-11D3-BF4B-00C04F79EFBC}") = "PUiManager", "PUiManager\PUiManager.csproj", "{E5C7F943-4D35-45A4-8132-85594B650A51}"
EndProject
Global
	GlobalSection(SolutionConfigurationPlatforms) = preSolution
		Debug|x86 = Debug|x86
		Release|x86 = Release|x86
	EndGlobalSection
	GlobalSection(ProjectConfigurationPlatforms) = postSolution
		{E5C7F943-4D35-45A4-8132-85594B650A51}.Debug|x86.ActiveCfg = Debug|x86
		{E5C7F943-4D35-45A4-8132-85594B650A51}.Debug|x86.Build.0 = Debug|x86
		{E5C7F943-4D35-45A4-8132-85594B650A51}.Release|x86.ActiveCfg = Release|x86
		{E5C7F943-4D35-45A4-8132-85594B650A51}.Release|x86.Build.0 = Release|x86
	EndGlobalSection
	GlobalSection(MonoDevelopProperties) = preSolution
		StartupItem = PUiManager\PUiManager.csproj
	EndGlobalSection
EndGlobal
